
Microsoft Visual Studio Solution File, Format Version 12.00
# Visual Studio Version 17
VisualStudioVersion = 17.4.33213.308
MinimumVisualStudioVersion = 10.0.40219.1
Project("{FAE04EC0-301F-11D3-BF4B-00C04F79EFBC}") = "Asp.net MVC CRUD with D.D.D", "Asp.net MVC CRUD with D.D.D\Asp.net MVC CRUD with D.D.D.csproj", "{0105C700-4656-42D6-A3AF-D956AAA1CEC8}"
EndProject
Global
	GlobalSection(SolutionConfigurationPlatforms) = preSolution
		Debug|Any CPU = Debug|Any CPU
		Release|Any CPU = Release|Any CPU
	EndGlobalSection
	GlobalSection(ProjectConfigurationPlatforms) = postSolution
		{0105C700-4656-42D6-A3AF-D956AAA1CEC8}.Debug|Any CPU.ActiveCfg = Debug|Any CPU
		{0105C700-4656-42D6-A3AF-D956AAA1CEC8}.Debug|Any CPU.Build.0 = Debug|Any CPU
		{0105C700-4656-42D6-A3AF-D956AAA1CEC8}.Release|Any CPU.ActiveCfg = Release|Any CPU
		{0105C700-4656-42D6-A3AF-D956AAA1CEC8}.Release|Any CPU.Build.0 = Release|Any CPU
	EndGlobalSection
	GlobalSection(SolutionProperties) = preSolution
		HideSolutionNode = FALSE
	EndGlobalSection
	GlobalSection(ExtensibilityGlobals) = postSolution
		SolutionGuid = {1D30578A-ED1B-4221-9C38-0E23290FF7AB}
	EndGlobalSection
EndGlobal
